version: 2.0
shards:
  ameba:
    git: https://github.com/crystal-ameba/ameba.git
    version: 1.6.4

  db:
    git: https://github.com/crystal-lang/crystal-db.git
    version: 0.11.0

  http_proxy:
    git: https://github.com/mamantoha/http_proxy.git
    version: 0.13.0+git.commit.a347f738c2233a4cea8e486990d80577b8b634f0

  prop:
    git: https://github.com/nicolab/crystal-prop.git
    version: 0.7.1

  tourmaline:
    git: https://github.com/protoncr/tourmaline.git
    version: 0.29.0+git.commit.81940948612f5cec50cf89d95bb760dc1bee3ae6

  validator:
    git: https://github.com/nicolab/crystal-validator.git
    version: 1.11.0

